// !$*UTF8*$!
{
	archiveVersion = 1;
	classes = {
	};
	objectVersion = 46;
	objects = {

/* Begin PBXBuildFile section */
		29F8CD2B924BC9068E6B3E34 /* Pods_ios_baseUITests.framework in Frameworks */ = {isa = PBXBuildFile; fileRef = 78A26FDC252DA234F3E83DA9 /* Pods_ios_baseUITests.framework */; };
		4AA75E113E66A7F65558B6CC /* Pods_ios_baseTests.framework in Frameworks */ = {isa = PBXBuildFile; fileRef = DCD1FEEE82A8D9432D5061C1 /* Pods_ios_baseTests.framework */; };
		6B273ADF1E66402C00F4378C /* PaddedTextField.swift in Sources */ = {isa = PBXBuildFile; fileRef = 6B273ADE1E66402C00F4378C /* PaddedTextField.swift */; };
		6B9A70C11E5D1DC7008FACF4 /* Default-568h@2x.png in Resources */ = {isa = PBXBuildFile; fileRef = 6B9A70C01E5D1DC7008FACF4 /* Default-568h@2x.png */; };
		6BD9BF011E71E4FE00EF841A /* RegisterViewController.swift in Sources */ = {isa = PBXBuildFile; fileRef = 6BD9BF001E71E4FE00EF841A /* RegisterViewController.swift */; };
		8A20D0732550E12D5EFBED20 /* Pods_ios_base.framework in Frameworks */ = {isa = PBXBuildFile; fileRef = 84EFF01514C01B909928AFC9 /* Pods_ios_base.framework */; };
		BA44D39C1E662B7F006D99A6 /* ProfileViewController.swift in Sources */ = {isa = PBXBuildFile; fileRef = BA44D39B1E662B7F006D99A6 /* ProfileViewController.swift */; };
		BA44D39E1E664CE3006D99A6 /* Constants.swift in Sources */ = {isa = PBXBuildFile; fileRef = BA44D39D1E664CE3006D99A6 /* Constants.swift */; };
		BAEEDDC01E4E3A7400E4FAEE /* AppDelegate.swift in Sources */ = {isa = PBXBuildFile; fileRef = BAEEDDBF1E4E3A7400E4FAEE /* AppDelegate.swift */; };
		BAEEDDC21E4E3A7400E4FAEE /* ViewController.swift in Sources */ = {isa = PBXBuildFile; fileRef = BAEEDDC11E4E3A7400E4FAEE /* ViewController.swift */; };
		BAEEDDC71E4E3A7400E4FAEE /* Assets.xcassets in Resources */ = {isa = PBXBuildFile; fileRef = BAEEDDC61E4E3A7400E4FAEE /* Assets.xcassets */; };
		BAEEDDD51E4E3A7400E4FAEE /* ios_baseTests.swift in Sources */ = {isa = PBXBuildFile; fileRef = BAEEDDD41E4E3A7400E4FAEE /* ios_baseTests.swift */; };
		BAEEDDE01E4E3A7400E4FAEE /* ios_baseUITests.swift in Sources */ = {isa = PBXBuildFile; fileRef = BAEEDDDF1E4E3A7400E4FAEE /* ios_baseUITests.swift */; };
/* End PBXBuildFile section */

/* Begin PBXContainerItemProxy section */
		BAEEDDD11E4E3A7400E4FAEE /* PBXContainerItemProxy */ = {
			isa = PBXContainerItemProxy;
			containerPortal = BAEEDDB41E4E3A7400E4FAEE /* Project object */;
			proxyType = 1;
			remoteGlobalIDString = BAEEDDBB1E4E3A7400E4FAEE;
			remoteInfo = "ios-base";
		};
		BAEEDDDC1E4E3A7400E4FAEE /* PBXContainerItemProxy */ = {
			isa = PBXContainerItemProxy;
			containerPortal = BAEEDDB41E4E3A7400E4FAEE /* Project object */;
			proxyType = 1;
			remoteGlobalIDString = BAEEDDBB1E4E3A7400E4FAEE;
			remoteInfo = "ios-base";
		};
/* End PBXContainerItemProxy section */

/* Begin PBXFileReference section */
		2B89E2A9055240AB21FAB141 /* Pods-ios-base.release.xcconfig */ = {isa = PBXFileReference; includeInIndex = 1; lastKnownFileType = text.xcconfig; name = "Pods-ios-base.release.xcconfig"; path = "Pods/Target Support Files/Pods-ios-base/Pods-ios-base.release.xcconfig"; sourceTree = "<group>"; };
		5055CED510369FCCE4571CE6 /* Pods-ios-baseUITests.release.xcconfig */ = {isa = PBXFileReference; includeInIndex = 1; lastKnownFileType = text.xcconfig; name = "Pods-ios-baseUITests.release.xcconfig"; path = "Pods/Target Support Files/Pods-ios-baseUITests/Pods-ios-baseUITests.release.xcconfig"; sourceTree = "<group>"; };
		6B273ADE1E66402C00F4378C /* PaddedTextField.swift */ = {isa = PBXFileReference; fileEncoding = 4; lastKnownFileType = sourcecode.swift; path = PaddedTextField.swift; sourceTree = "<group>"; };
		6B9A70C01E5D1DC7008FACF4 /* Default-568h@2x.png */ = {isa = PBXFileReference; lastKnownFileType = image.png; path = "Default-568h@2x.png"; sourceTree = "<group>"; };
		6BD9BF001E71E4FE00EF841A /* RegisterViewController.swift */ = {isa = PBXFileReference; fileEncoding = 4; lastKnownFileType = sourcecode.swift; path = RegisterViewController.swift; sourceTree = "<group>"; };
		78A26FDC252DA234F3E83DA9 /* Pods_ios_baseUITests.framework */ = {isa = PBXFileReference; explicitFileType = wrapper.framework; includeInIndex = 0; path = Pods_ios_baseUITests.framework; sourceTree = BUILT_PRODUCTS_DIR; };
		84EFF01514C01B909928AFC9 /* Pods_ios_base.framework */ = {isa = PBXFileReference; explicitFileType = wrapper.framework; includeInIndex = 0; path = Pods_ios_base.framework; sourceTree = BUILT_PRODUCTS_DIR; };
		8DE624FFBA0B41AE80FC403D /* Pods-ios-baseTests.debug.xcconfig */ = {isa = PBXFileReference; includeInIndex = 1; lastKnownFileType = text.xcconfig; name = "Pods-ios-baseTests.debug.xcconfig"; path = "Pods/Target Support Files/Pods-ios-baseTests/Pods-ios-baseTests.debug.xcconfig"; sourceTree = "<group>"; };
		9D7F12EFC41C359ABECBADAB /* Pods-ios-base.debug.xcconfig */ = {isa = PBXFileReference; includeInIndex = 1; lastKnownFileType = text.xcconfig; name = "Pods-ios-base.debug.xcconfig"; path = "Pods/Target Support Files/Pods-ios-base/Pods-ios-base.debug.xcconfig"; sourceTree = "<group>"; };
		B792DA3CEE2246FC006A75DE /* Pods-ios-baseTests.release.xcconfig */ = {isa = PBXFileReference; includeInIndex = 1; lastKnownFileType = text.xcconfig; name = "Pods-ios-baseTests.release.xcconfig"; path = "Pods/Target Support Files/Pods-ios-baseTests/Pods-ios-baseTests.release.xcconfig"; sourceTree = "<group>"; };
		BA44D39B1E662B7F006D99A6 /* ProfileViewController.swift */ = {isa = PBXFileReference; fileEncoding = 4; lastKnownFileType = sourcecode.swift; path = ProfileViewController.swift; sourceTree = "<group>"; };
		BA44D39D1E664CE3006D99A6 /* Constants.swift */ = {isa = PBXFileReference; fileEncoding = 4; lastKnownFileType = sourcecode.swift; path = Constants.swift; sourceTree = "<group>"; };
		BAEEDDBC1E4E3A7400E4FAEE /* ios-base.app */ = {isa = PBXFileReference; explicitFileType = wrapper.application; includeInIndex = 0; path = "ios-base.app"; sourceTree = BUILT_PRODUCTS_DIR; };
		BAEEDDBF1E4E3A7400E4FAEE /* AppDelegate.swift */ = {isa = PBXFileReference; lastKnownFileType = sourcecode.swift; path = AppDelegate.swift; sourceTree = "<group>"; };
		BAEEDDC11E4E3A7400E4FAEE /* ViewController.swift */ = {isa = PBXFileReference; lastKnownFileType = sourcecode.swift; path = ViewController.swift; sourceTree = "<group>"; };
		BAEEDDC61E4E3A7400E4FAEE /* Assets.xcassets */ = {isa = PBXFileReference; lastKnownFileType = folder.assetcatalog; path = Assets.xcassets; sourceTree = "<group>"; };
		BAEEDDCB1E4E3A7400E4FAEE /* Info.plist */ = {isa = PBXFileReference; lastKnownFileType = text.plist.xml; path = Info.plist; sourceTree = "<group>"; };
		BAEEDDD01E4E3A7400E4FAEE /* ios-baseTests.xctest */ = {isa = PBXFileReference; explicitFileType = wrapper.cfbundle; includeInIndex = 0; path = "ios-baseTests.xctest"; sourceTree = BUILT_PRODUCTS_DIR; };
		BAEEDDD41E4E3A7400E4FAEE /* ios_baseTests.swift */ = {isa = PBXFileReference; lastKnownFileType = sourcecode.swift; path = ios_baseTests.swift; sourceTree = "<group>"; };
		BAEEDDD61E4E3A7400E4FAEE /* Info.plist */ = {isa = PBXFileReference; lastKnownFileType = text.plist.xml; path = Info.plist; sourceTree = "<group>"; };
		BAEEDDDB1E4E3A7400E4FAEE /* ios-baseUITests.xctest */ = {isa = PBXFileReference; explicitFileType = wrapper.cfbundle; includeInIndex = 0; path = "ios-baseUITests.xctest"; sourceTree = BUILT_PRODUCTS_DIR; };
		BAEEDDDF1E4E3A7400E4FAEE /* ios_baseUITests.swift */ = {isa = PBXFileReference; lastKnownFileType = sourcecode.swift; path = ios_baseUITests.swift; sourceTree = "<group>"; };
		BAEEDDE11E4E3A7400E4FAEE /* Info.plist */ = {isa = PBXFileReference; lastKnownFileType = text.plist.xml; path = Info.plist; sourceTree = "<group>"; };
		D150316B9EF080B4F07AA2BA /* Pods-ios-baseUITests.debug.xcconfig */ = {isa = PBXFileReference; includeInIndex = 1; lastKnownFileType = text.xcconfig; name = "Pods-ios-baseUITests.debug.xcconfig"; path = "Pods/Target Support Files/Pods-ios-baseUITests/Pods-ios-baseUITests.debug.xcconfig"; sourceTree = "<group>"; };
		DCD1FEEE82A8D9432D5061C1 /* Pods_ios_baseTests.framework */ = {isa = PBXFileReference; explicitFileType = wrapper.framework; includeInIndex = 0; path = Pods_ios_baseTests.framework; sourceTree = BUILT_PRODUCTS_DIR; };
/* End PBXFileReference section */

/* Begin PBXFrameworksBuildPhase section */
		BAEEDDB91E4E3A7400E4FAEE /* Frameworks */ = {
			isa = PBXFrameworksBuildPhase;
			buildActionMask = 2147483647;
			files = (
				8A20D0732550E12D5EFBED20 /* Pods_ios_base.framework in Frameworks */,
			);
			runOnlyForDeploymentPostprocessing = 0;
		};
		BAEEDDCD1E4E3A7400E4FAEE /* Frameworks */ = {
			isa = PBXFrameworksBuildPhase;
			buildActionMask = 2147483647;
			files = (
				4AA75E113E66A7F65558B6CC /* Pods_ios_baseTests.framework in Frameworks */,
			);
			runOnlyForDeploymentPostprocessing = 0;
		};
		BAEEDDD81E4E3A7400E4FAEE /* Frameworks */ = {
			isa = PBXFrameworksBuildPhase;
			buildActionMask = 2147483647;
			files = (
				29F8CD2B924BC9068E6B3E34 /* Pods_ios_baseUITests.framework in Frameworks */,
			);
			runOnlyForDeploymentPostprocessing = 0;
		};
/* End PBXFrameworksBuildPhase section */

/* Begin PBXGroup section */
		09C1622817D03C4D2886A233 /* Frameworks */ = {
			isa = PBXGroup;
			children = (
				84EFF01514C01B909928AFC9 /* Pods_ios_base.framework */,
				DCD1FEEE82A8D9432D5061C1 /* Pods_ios_baseTests.framework */,
				78A26FDC252DA234F3E83DA9 /* Pods_ios_baseUITests.framework */,
			);
			name = Frameworks;
			sourceTree = "<group>";
		};
		6BD9BF021E71E64900EF841A /* Login Views */ = {
			isa = PBXGroup;
			children = (
				BAEEDDC11E4E3A7400E4FAEE /* ViewController.swift */,
				6BD9BF001E71E4FE00EF841A /* RegisterViewController.swift */,
			);
			name = "Login Views";
			sourceTree = "<group>";
		};
		6BD9BF031E71E65D00EF841A /* Helper Classes */ = {
			isa = PBXGroup;
			children = (
				BA44D39D1E664CE3006D99A6 /* Constants.swift */,
				6B273ADE1E66402C00F4378C /* PaddedTextField.swift */,
			);
			name = "Helper Classes";
			sourceTree = "<group>";
		};
		BAEEDDB31E4E3A7400E4FAEE = {
			isa = PBXGroup;
			children = (
				BAEEDDBE1E4E3A7400E4FAEE /* ios-base */,
				BAEEDDD31E4E3A7400E4FAEE /* ios-baseTests */,
				BAEEDDDE1E4E3A7400E4FAEE /* ios-baseUITests */,
				BAEEDDBD1E4E3A7400E4FAEE /* Products */,
				6B9A70C01E5D1DC7008FACF4 /* Default-568h@2x.png */,
				D7DD58C5D83471E9EAC141F8 /* Pods */,
				09C1622817D03C4D2886A233 /* Frameworks */,
			);
			sourceTree = "<group>";
		};
		BAEEDDBD1E4E3A7400E4FAEE /* Products */ = {
			isa = PBXGroup;
			children = (
				BAEEDDBC1E4E3A7400E4FAEE /* ios-base.app */,
				BAEEDDD01E4E3A7400E4FAEE /* ios-baseTests.xctest */,
				BAEEDDDB1E4E3A7400E4FAEE /* ios-baseUITests.xctest */,
			);
			name = Products;
			sourceTree = "<group>";
		};
		BAEEDDBE1E4E3A7400E4FAEE /* ios-base */ = {
			isa = PBXGroup;
			children = (
				BAEEDDBF1E4E3A7400E4FAEE /* AppDelegate.swift */,
				BA44D39B1E662B7F006D99A6 /* ProfileViewController.swift */,
				6BD9BF021E71E64900EF841A /* Login Views */,
				6BD9BF031E71E65D00EF841A /* Helper Classes */,
				BAEEDDC61E4E3A7400E4FAEE /* Assets.xcassets */,
				BAEEDDCB1E4E3A7400E4FAEE /* Info.plist */,
			);
			path = "ios-base";
			sourceTree = "<group>";
		};
		BAEEDDD31E4E3A7400E4FAEE /* ios-baseTests */ = {
			isa = PBXGroup;
			children = (
				BAEEDDD41E4E3A7400E4FAEE /* ios_baseTests.swift */,
				BAEEDDD61E4E3A7400E4FAEE /* Info.plist */,
			);
			path = "ios-baseTests";
			sourceTree = "<group>";
		};
		BAEEDDDE1E4E3A7400E4FAEE /* ios-baseUITests */ = {
			isa = PBXGroup;
			children = (
				BAEEDDDF1E4E3A7400E4FAEE /* ios_baseUITests.swift */,
				BAEEDDE11E4E3A7400E4FAEE /* Info.plist */,
			);
			path = "ios-baseUITests";
			sourceTree = "<group>";
		};
		D7DD58C5D83471E9EAC141F8 /* Pods */ = {
			isa = PBXGroup;
			children = (
				9D7F12EFC41C359ABECBADAB /* Pods-ios-base.debug.xcconfig */,
				2B89E2A9055240AB21FAB141 /* Pods-ios-base.release.xcconfig */,
				8DE624FFBA0B41AE80FC403D /* Pods-ios-baseTests.debug.xcconfig */,
				B792DA3CEE2246FC006A75DE /* Pods-ios-baseTests.release.xcconfig */,
				D150316B9EF080B4F07AA2BA /* Pods-ios-baseUITests.debug.xcconfig */,
				5055CED510369FCCE4571CE6 /* Pods-ios-baseUITests.release.xcconfig */,
			);
			name = Pods;
			sourceTree = "<group>";
		};
/* End PBXGroup section */

/* Begin PBXNativeTarget section */
		BAEEDDBB1E4E3A7400E4FAEE /* ios-base */ = {
			isa = PBXNativeTarget;
			buildConfigurationList = BAEEDDE41E4E3A7400E4FAEE /* Build configuration list for PBXNativeTarget "ios-base" */;
			buildPhases = (
				35608E8CD54D235EDE4F0DBA /* [CP] Check Pods Manifest.lock */,
				BAEEDDB81E4E3A7400E4FAEE /* Sources */,
				BAEEDDB91E4E3A7400E4FAEE /* Frameworks */,
				BAEEDDBA1E4E3A7400E4FAEE /* Resources */,
				49599CECAC083881FE94BCD8 /* [CP] Embed Pods Frameworks */,
				C658384314F1222A9CE5C2A9 /* [CP] Copy Pods Resources */,
			);
			buildRules = (
			);
			dependencies = (
			);
			name = "ios-base";
			productName = "ios-base";
			productReference = BAEEDDBC1E4E3A7400E4FAEE /* ios-base.app */;
			productType = "com.apple.product-type.application";
		};
		BAEEDDCF1E4E3A7400E4FAEE /* ios-baseTests */ = {
			isa = PBXNativeTarget;
			buildConfigurationList = BAEEDDE71E4E3A7400E4FAEE /* Build configuration list for PBXNativeTarget "ios-baseTests" */;
			buildPhases = (
				D3DC650DA00D6E2E7BC05F32 /* [CP] Check Pods Manifest.lock */,
				BAEEDDCC1E4E3A7400E4FAEE /* Sources */,
				BAEEDDCD1E4E3A7400E4FAEE /* Frameworks */,
				BAEEDDCE1E4E3A7400E4FAEE /* Resources */,
				D207708BBCAF1D8E6CBADE73 /* [CP] Embed Pods Frameworks */,
				B328A2BAE30280D1F3353045 /* [CP] Copy Pods Resources */,
			);
			buildRules = (
			);
			dependencies = (
				BAEEDDD21E4E3A7400E4FAEE /* PBXTargetDependency */,
			);
			name = "ios-baseTests";
			productName = "ios-baseTests";
			productReference = BAEEDDD01E4E3A7400E4FAEE /* ios-baseTests.xctest */;
			productType = "com.apple.product-type.bundle.unit-test";
		};
		BAEEDDDA1E4E3A7400E4FAEE /* ios-baseUITests */ = {
			isa = PBXNativeTarget;
			buildConfigurationList = BAEEDDEA1E4E3A7400E4FAEE /* Build configuration list for PBXNativeTarget "ios-baseUITests" */;
			buildPhases = (
				0B7C2438F80D5A376B9320EA /* [CP] Check Pods Manifest.lock */,
				BAEEDDD71E4E3A7400E4FAEE /* Sources */,
				BAEEDDD81E4E3A7400E4FAEE /* Frameworks */,
				BAEEDDD91E4E3A7400E4FAEE /* Resources */,
				DA12F87E5074F8D86BE055EA /* [CP] Embed Pods Frameworks */,
				D5848E63C6FB88777B852EA7 /* [CP] Copy Pods Resources */,
			);
			buildRules = (
			);
			dependencies = (
				BAEEDDDD1E4E3A7400E4FAEE /* PBXTargetDependency */,
			);
			name = "ios-baseUITests";
			productName = "ios-baseUITests";
			productReference = BAEEDDDB1E4E3A7400E4FAEE /* ios-baseUITests.xctest */;
			productType = "com.apple.product-type.bundle.ui-testing";
		};
/* End PBXNativeTarget section */

/* Begin PBXProject section */
		BAEEDDB41E4E3A7400E4FAEE /* Project object */ = {
			isa = PBXProject;
			attributes = {
				LastSwiftUpdateCheck = 0820;
				LastUpgradeCheck = 0820;
				ORGANIZATIONNAME = "Kyle Rosenbluth";
				TargetAttributes = {
					BAEEDDBB1E4E3A7400E4FAEE = {
						CreatedOnToolsVersion = 8.2.1;
						ProvisioningStyle = Automatic;
					};
					BAEEDDCF1E4E3A7400E4FAEE = {
						CreatedOnToolsVersion = 8.2.1;
						ProvisioningStyle = Automatic;
						TestTargetID = BAEEDDBB1E4E3A7400E4FAEE;
					};
					BAEEDDDA1E4E3A7400E4FAEE = {
						CreatedOnToolsVersion = 8.2.1;
						ProvisioningStyle = Automatic;
						TestTargetID = BAEEDDBB1E4E3A7400E4FAEE;
					};
				};
			};
			buildConfigurationList = BAEEDDB71E4E3A7400E4FAEE /* Build configuration list for PBXProject "ios-base" */;
			compatibilityVersion = "Xcode 3.2";
			developmentRegion = English;
			hasScannedForEncodings = 0;
			knownRegions = (
				en,
				Base,
			);
			mainGroup = BAEEDDB31E4E3A7400E4FAEE;
			productRefGroup = BAEEDDBD1E4E3A7400E4FAEE /* Products */;
			projectDirPath = "";
			projectRoot = "";
			targets = (
				BAEEDDBB1E4E3A7400E4FAEE /* ios-base */,
				BAEEDDCF1E4E3A7400E4FAEE /* ios-baseTests */,
				BAEEDDDA1E4E3A7400E4FAEE /* ios-baseUITests */,
			);
		};
/* End PBXProject section */

/* Begin PBXResourcesBuildPhase section */
		BAEEDDBA1E4E3A7400E4FAEE /* Resources */ = {
			isa = PBXResourcesBuildPhase;
			buildActionMask = 2147483647;
			files = (
				BAEEDDC71E4E3A7400E4FAEE /* Assets.xcassets in Resources */,
				6B9A70C11E5D1DC7008FACF4 /* Default-568h@2x.png in Resources */,
			);
			runOnlyForDeploymentPostprocessing = 0;
		};
		BAEEDDCE1E4E3A7400E4FAEE /* Resources */ = {
			isa = PBXResourcesBuildPhase;
			buildActionMask = 2147483647;
			files = (
			);
			runOnlyForDeploymentPostprocessing = 0;
		};
		BAEEDDD91E4E3A7400E4FAEE /* Resources */ = {
			isa = PBXResourcesBuildPhase;
			buildActionMask = 2147483647;
			files = (
			);
			runOnlyForDeploymentPostprocessing = 0;
		};
/* End PBXResourcesBuildPhase section */

/* Begin PBXShellScriptBuildPhase section */
		0B7C2438F80D5A376B9320EA /* [CP] Check Pods Manifest.lock */ = {
			isa = PBXShellScriptBuildPhase;
			buildActionMask = 2147483647;
			files = (
			);
			inputPaths = (
			);
			name = "[CP] Check Pods Manifest.lock";
			outputPaths = (
			);
			runOnlyForDeploymentPostprocessing = 0;
			shellPath = /bin/sh;
			shellScript = "diff \"${PODS_ROOT}/../Podfile.lock\" \"${PODS_ROOT}/Manifest.lock\" > /dev/null\nif [ $? != 0 ] ; then\n    # print error to STDERR\n    echo \"error: The sandbox is not in sync with the Podfile.lock. Run 'pod install' or update your CocoaPods installation.\" >&2\n    exit 1\nfi\n";
			showEnvVarsInLog = 0;
		};
		35608E8CD54D235EDE4F0DBA /* [CP] Check Pods Manifest.lock */ = {
			isa = PBXShellScriptBuildPhase;
			buildActionMask = 2147483647;
			files = (
			);
			inputPaths = (
			);
			name = "[CP] Check Pods Manifest.lock";
			outputPaths = (
			);
			runOnlyForDeploymentPostprocessing = 0;
			shellPath = /bin/sh;
			shellScript = "diff \"${PODS_ROOT}/../Podfile.lock\" \"${PODS_ROOT}/Manifest.lock\" > /dev/null\nif [ $? != 0 ] ; then\n    # print error to STDERR\n    echo \"error: The sandbox is not in sync with the Podfile.lock. Run 'pod install' or update your CocoaPods installation.\" >&2\n    exit 1\nfi\n";
			showEnvVarsInLog = 0;
		};
		49599CECAC083881FE94BCD8 /* [CP] Embed Pods Frameworks */ = {
			isa = PBXShellScriptBuildPhase;
			buildActionMask = 2147483647;
			files = (
			);
			inputPaths = (
			);
			name = "[CP] Embed Pods Frameworks";
			outputPaths = (
			);
			runOnlyForDeploymentPostprocessing = 0;
			shellPath = /bin/sh;
			shellScript = "\"${SRCROOT}/Pods/Target Support Files/Pods-ios-base/Pods-ios-base-frameworks.sh\"\n";
			showEnvVarsInLog = 0;
		};
		B328A2BAE30280D1F3353045 /* [CP] Copy Pods Resources */ = {
			isa = PBXShellScriptBuildPhase;
			buildActionMask = 2147483647;
			files = (
			);
			inputPaths = (
			);
			name = "[CP] Copy Pods Resources";
			outputPaths = (
			);
			runOnlyForDeploymentPostprocessing = 0;
			shellPath = /bin/sh;
			shellScript = "\"${SRCROOT}/Pods/Target Support Files/Pods-ios-baseTests/Pods-ios-baseTests-resources.sh\"\n";
			showEnvVarsInLog = 0;
		};
		C658384314F1222A9CE5C2A9 /* [CP] Copy Pods Resources */ = {
			isa = PBXShellScriptBuildPhase;
			buildActionMask = 2147483647;
			files = (
			);
			inputPaths = (
			);
			name = "[CP] Copy Pods Resources";
			outputPaths = (
			);
			runOnlyForDeploymentPostprocessing = 0;
			shellPath = /bin/sh;
			shellScript = "\"${SRCROOT}/Pods/Target Support Files/Pods-ios-base/Pods-ios-base-resources.sh\"\n";
			showEnvVarsInLog = 0;
		};
		D207708BBCAF1D8E6CBADE73 /* [CP] Embed Pods Frameworks */ = {
			isa = PBXShellScriptBuildPhase;
			buildActionMask = 2147483647;
			files = (
			);
			inputPaths = (
			);
			name = "[CP] Embed Pods Frameworks";
			outputPaths = (
			);
			runOnlyForDeploymentPostprocessing = 0;
			shellPath = /bin/sh;
			shellScript = "\"${SRCROOT}/Pods/Target Support Files/Pods-ios-baseTests/Pods-ios-baseTests-frameworks.sh\"\n";
			showEnvVarsInLog = 0;
		};
		D3DC650DA00D6E2E7BC05F32 /* [CP] Check Pods Manifest.lock */ = {
			isa = PBXShellScriptBuildPhase;
			buildActionMask = 2147483647;
			files = (
			);
			inputPaths = (
			);
			name = "[CP] Check Pods Manifest.lock";
			outputPaths = (
			);
			runOnlyForDeploymentPostprocessing = 0;
			shellPath = /bin/sh;
			shellScript = "diff \"${PODS_ROOT}/../Podfile.lock\" \"${PODS_ROOT}/Manifest.lock\" > /dev/null\nif [ $? != 0 ] ; then\n    # print error to STDERR\n    echo \"error: The sandbox is not in sync with the Podfile.lock. Run 'pod install' or update your CocoaPods installation.\" >&2\n    exit 1\nfi\n";
			showEnvVarsInLog = 0;
		};
		D5848E63C6FB88777B852EA7 /* [CP] Copy Pods Resources */ = {
			isa = PBXShellScriptBuildPhase;
			buildActionMask = 2147483647;
			files = (
			);
			inputPaths = (
			);
			name = "[CP] Copy Pods Resources";
			outputPaths = (
			);
			runOnlyForDeploymentPostprocessing = 0;
			shellPath = /bin/sh;
			shellScript = "\"${SRCROOT}/Pods/Target Support Files/Pods-ios-baseUITests/Pods-ios-baseUITests-resources.sh\"\n";
			showEnvVarsInLog = 0;
		};
		DA12F87E5074F8D86BE055EA /* [CP] Embed Pods Frameworks */ = {
			isa = PBXShellScriptBuildPhase;
			buildActionMask = 2147483647;
			files = (
			);
			inputPaths = (
			);
			name = "[CP] Embed Pods Frameworks";
			outputPaths = (
			);
			runOnlyForDeploymentPostprocessing = 0;
			shellPath = /bin/sh;
			shellScript = "\"${SRCROOT}/Pods/Target Support Files/Pods-ios-baseUITests/Pods-ios-baseUITests-frameworks.sh\"\n";
			showEnvVarsInLog = 0;
		};
/* End PBXShellScriptBuildPhase section */

/* Begin PBXSourcesBuildPhase section */
		BAEEDDB81E4E3A7400E4FAEE /* Sources */ = {
			isa = PBXSourcesBuildPhase;
			buildActionMask = 2147483647;
			files = (
				BA44D39C1E662B7F006D99A6 /* ProfileViewController.swift in Sources */,
				BAEEDDC21E4E3A7400E4FAEE /* ViewController.swift in Sources */,
				BAEEDDC01E4E3A7400E4FAEE /* AppDelegate.swift in Sources */,
				6BD9BF011E71E4FE00EF841A /* RegisterViewController.swift in Sources */,
				BA44D39E1E664CE3006D99A6 /* Constants.swift in Sources */,
				6B273ADF1E66402C00F4378C /* PaddedTextField.swift in Sources */,
			);
			runOnlyForDeploymentPostprocessing = 0;
		};
		BAEEDDCC1E4E3A7400E4FAEE /* Sources */ = {
			isa = PBXSourcesBuildPhase;
			buildActionMask = 2147483647;
			files = (
				BAEEDDD51E4E3A7400E4FAEE /* ios_baseTests.swift in Sources */,
			);
			runOnlyForDeploymentPostprocessing = 0;
		};
		BAEEDDD71E4E3A7400E4FAEE /* Sources */ = {
			isa = PBXSourcesBuildPhase;
			buildActionMask = 2147483647;
			files = (
				BAEEDDE01E4E3A7400E4FAEE /* ios_baseUITests.swift in Sources */,
			);
			runOnlyForDeploymentPostprocessing = 0;
		};
/* End PBXSourcesBuildPhase section */

/* Begin PBXTargetDependency section */
		BAEEDDD21E4E3A7400E4FAEE /* PBXTargetDependency */ = {
			isa = PBXTargetDependency;
			target = BAEEDDBB1E4E3A7400E4FAEE /* ios-base */;
			targetProxy = BAEEDDD11E4E3A7400E4FAEE /* PBXContainerItemProxy */;
		};
		BAEEDDDD1E4E3A7400E4FAEE /* PBXTargetDependency */ = {
			isa = PBXTargetDependency;
			target = BAEEDDBB1E4E3A7400E4FAEE /* ios-base */;
			targetProxy = BAEEDDDC1E4E3A7400E4FAEE /* PBXContainerItemProxy */;
		};
/* End PBXTargetDependency section */

/* Begin XCBuildConfiguration section */
		BAEEDDE21E4E3A7400E4FAEE /* Debug */ = {
			isa = XCBuildConfiguration;
			buildSettings = {
				ALWAYS_SEARCH_USER_PATHS = NO;
				CLANG_ANALYZER_NONNULL = YES;
				CLANG_CXX_LANGUAGE_STANDARD = "gnu++0x";
				CLANG_CXX_LIBRARY = "libc++";
				CLANG_ENABLE_MODULES = YES;
				CLANG_ENABLE_OBJC_ARC = YES;
				CLANG_WARN_BOOL_CONVERSION = YES;
				CLANG_WARN_CONSTANT_CONVERSION = YES;
				CLANG_WARN_DIRECT_OBJC_ISA_USAGE = YES_ERROR;
				CLANG_WARN_DOCUMENTATION_COMMENTS = YES;
				CLANG_WARN_EMPTY_BODY = YES;
				CLANG_WARN_ENUM_CONVERSION = YES;
				CLANG_WARN_INFINITE_RECURSION = YES;
				CLANG_WARN_INT_CONVERSION = YES;
				CLANG_WARN_OBJC_ROOT_CLASS = YES_ERROR;
				CLANG_WARN_SUSPICIOUS_MOVE = YES;
				CLANG_WARN_UNREACHABLE_CODE = YES;
				CLANG_WARN__DUPLICATE_METHOD_MATCH = YES;
				"CODE_SIGN_IDENTITY[sdk=iphoneos*]" = "iPhone Developer";
				COPY_PHASE_STRIP = NO;
				DEBUG_INFORMATION_FORMAT = dwarf;
				ENABLE_STRICT_OBJC_MSGSEND = YES;
				ENABLE_TESTABILITY = YES;
				GCC_C_LANGUAGE_STANDARD = gnu99;
				GCC_DYNAMIC_NO_PIC = NO;
				GCC_NO_COMMON_BLOCKS = YES;
				GCC_OPTIMIZATION_LEVEL = 0;
				GCC_PREPROCESSOR_DEFINITIONS = (
					"DEBUG=1",
					"$(inherited)",
				);
				GCC_WARN_64_TO_32_BIT_CONVERSION = YES;
				GCC_WARN_ABOUT_RETURN_TYPE = YES_ERROR;
				GCC_WARN_UNDECLARED_SELECTOR = YES;
				GCC_WARN_UNINITIALIZED_AUTOS = YES_AGGRESSIVE;
				GCC_WARN_UNUSED_FUNCTION = YES;
				GCC_WARN_UNUSED_VARIABLE = YES;
				IPHONEOS_DEPLOYMENT_TARGET = 10.2;
				MTL_ENABLE_DEBUG_INFO = YES;
				ONLY_ACTIVE_ARCH = YES;
				SDKROOT = iphoneos;
				SWIFT_ACTIVE_COMPILATION_CONDITIONS = DEBUG;
				SWIFT_OPTIMIZATION_LEVEL = "-Onone";
			};
			name = Debug;
		};
		BAEEDDE31E4E3A7400E4FAEE /* Release */ = {
			isa = XCBuildConfiguration;
			buildSettings = {
				ALWAYS_SEARCH_USER_PATHS = NO;
				CLANG_ANALYZER_NONNULL = YES;
				CLANG_CXX_LANGUAGE_STANDARD = "gnu++0x";
				CLANG_CXX_LIBRARY = "libc++";
				CLANG_ENABLE_MODULES = YES;
				CLANG_ENABLE_OBJC_ARC = YES;
				CLANG_WARN_BOOL_CONVERSION = YES;
				CLANG_WARN_CONSTANT_CONVERSION = YES;
				CLANG_WARN_DIRECT_OBJC_ISA_USAGE = YES_ERROR;
				CLANG_WARN_DOCUMENTATION_COMMENTS = YES;
				CLANG_WARN_EMPTY_BODY = YES;
				CLANG_WARN_ENUM_CONVERSION = YES;
				CLANG_WARN_INFINITE_RECURSION = YES;
				CLANG_WARN_INT_CONVERSION = YES;
				CLANG_WARN_OBJC_ROOT_CLASS = YES_ERROR;
				CLANG_WARN_SUSPICIOUS_MOVE = YES;
				CLANG_WARN_UNREACHABLE_CODE = YES;
				CLANG_WARN__DUPLICATE_METHOD_MATCH = YES;
				"CODE_SIGN_IDENTITY[sdk=iphoneos*]" = "iPhone Developer";
				COPY_PHASE_STRIP = NO;
				DEBUG_INFORMATION_FORMAT = "dwarf-with-dsym";
				ENABLE_NS_ASSERTIONS = NO;
				ENABLE_STRICT_OBJC_MSGSEND = YES;
				GCC_C_LANGUAGE_STANDARD = gnu99;
				GCC_NO_COMMON_BLOCKS = YES;
				GCC_WARN_64_TO_32_BIT_CONVERSION = YES;
				GCC_WARN_ABOUT_RETURN_TYPE = YES_ERROR;
				GCC_WARN_UNDECLARED_SELECTOR = YES;
				GCC_WARN_UNINITIALIZED_AUTOS = YES_AGGRESSIVE;
				GCC_WARN_UNUSED_FUNCTION = YES;
				GCC_WARN_UNUSED_VARIABLE = YES;
				IPHONEOS_DEPLOYMENT_TARGET = 10.2;
				MTL_ENABLE_DEBUG_INFO = NO;
				SDKROOT = iphoneos;
				SWIFT_OPTIMIZATION_LEVEL = "-Owholemodule";
				VALIDATE_PRODUCT = YES;
			};
			name = Release;
		};
		BAEEDDE51E4E3A7400E4FAEE /* Debug */ = {
			isa = XCBuildConfiguration;
			baseConfigurationReference = 9D7F12EFC41C359ABECBADAB /* Pods-ios-base.debug.xcconfig */;
			buildSettings = {
				ASSETCATALOG_COMPILER_APPICON_NAME = AppIcon;
				INFOPLIST_FILE = "ios-base/Info.plist";
				LD_RUNPATH_SEARCH_PATHS = "$(inherited) @executable_path/Frameworks";
				PRODUCT_BUNDLE_IDENTIFIER = "Hack4Impact.ios-base";
				PRODUCT_NAME = "$(TARGET_NAME)";
				SWIFT_VERSION = 3.0;
			};
			name = Debug;
		};
		BAEEDDE61E4E3A7400E4FAEE /* Release */ = {
			isa = XCBuildConfiguration;
			baseConfigurationReference = 2B89E2A9055240AB21FAB141 /* Pods-ios-base.release.xcconfig */;
			buildSettings = {
				ASSETCATALOG_COMPILER_APPICON_NAME = AppIcon;
				INFOPLIST_FILE = "ios-base/Info.plist";
				LD_RUNPATH_SEARCH_PATHS = "$(inherited) @executable_path/Frameworks";
				PRODUCT_BUNDLE_IDENTIFIER = "Hack4Impact.ios-base";
				PRODUCT_NAME = "$(TARGET_NAME)";
				SWIFT_VERSION = 3.0;
			};
			name = Release;
		};
		BAEEDDE81E4E3A7400E4FAEE /* Debug */ = {
			isa = XCBuildConfiguration;
			baseConfigurationReference = 8DE624FFBA0B41AE80FC403D /* Pods-ios-baseTests.debug.xcconfig */;
			buildSettings = {
				ALWAYS_EMBED_SWIFT_STANDARD_LIBRARIES = YES;
				BUNDLE_LOADER = "$(TEST_HOST)";
				INFOPLIST_FILE = "ios-baseTests/Info.plist";
				LD_RUNPATH_SEARCH_PATHS = "$(inherited) @executable_path/Frameworks @loader_path/Frameworks";
				PRODUCT_BUNDLE_IDENTIFIER = "Hack4Impact.ios-baseTests";
				PRODUCT_NAME = "$(TARGET_NAME)";
				SWIFT_VERSION = 3.0;
				TEST_HOST = "$(BUILT_PRODUCTS_DIR)/ios-base.app/ios-base";
			};
			name = Debug;
		};
		BAEEDDE91E4E3A7400E4FAEE /* Release */ = {
			isa = XCBuildConfiguration;
			baseConfigurationReference = B792DA3CEE2246FC006A75DE /* Pods-ios-baseTests.release.xcconfig */;
			buildSettings = {
				ALWAYS_EMBED_SWIFT_STANDARD_LIBRARIES = YES;
				BUNDLE_LOADER = "$(TEST_HOST)";
				INFOPLIST_FILE = "ios-baseTests/Info.plist";
				LD_RUNPATH_SEARCH_PATHS = "$(inherited) @executable_path/Frameworks @loader_path/Frameworks";
				PRODUCT_BUNDLE_IDENTIFIER = "Hack4Impact.ios-baseTests";
				PRODUCT_NAME = "$(TARGET_NAME)";
				SWIFT_VERSION = 3.0;
				TEST_HOST = "$(BUILT_PRODUCTS_DIR)/ios-base.app/ios-base";
			};
			name = Release;
		};
		BAEEDDEB1E4E3A7400E4FAEE /* Debug */ = {
			isa = XCBuildConfiguration;
			baseConfigurationReference = D150316B9EF080B4F07AA2BA /* Pods-ios-baseUITests.debug.xcconfig */;
			buildSettings = {
				ALWAYS_EMBED_SWIFT_STANDARD_LIBRARIES = YES;
				INFOPLIST_FILE = "ios-baseUITests/Info.plist";
				LD_RUNPATH_SEARCH_PATHS = "$(inherited) @executable_path/Frameworks @loader_path/Frameworks";
				PRODUCT_BUNDLE_IDENTIFIER = "Hack4Impact.ios-baseUITests";
				PRODUCT_NAME = "$(TARGET_NAME)";
				SWIFT_VERSION = 3.0;
				TEST_TARGET_NAME = "ios-base";
			};
			name = Debug;
		};
		BAEEDDEC1E4E3A7400E4FAEE /* Release */ = {
			isa = XCBuildConfiguration;
			baseConfigurationReference = 5055CED510369FCCE4571CE6 /* Pods-ios-baseUITests.release.xcconfig */;
			buildSettings = {
				ALWAYS_EMBED_SWIFT_STANDARD_LIBRARIES = YES;
				INFOPLIST_FILE = "ios-baseUITests/Info.plist";
				LD_RUNPATH_SEARCH_PATHS = "$(inherited) @executable_path/Frameworks @loader_path/Frameworks";
				PRODUCT_BUNDLE_IDENTIFIER = "Hack4Impact.ios-baseUITests";
				PRODUCT_NAME = "$(TARGET_NAME)";
				SWIFT_VERSION = 3.0;
				TEST_TARGET_NAME = "ios-base";
			};
			name = Release;
		};
/* End XCBuildConfiguration section */

/* Begin XCConfigurationList section */
		BAEEDDB71E4E3A7400E4FAEE /* Build configuration list for PBXProject "ios-base" */ = {
			isa = XCConfigurationList;
			buildConfigurations = (
				BAEEDDE21E4E3A7400E4FAEE /* Debug */,
				BAEEDDE31E4E3A7400E4FAEE /* Release */,
			);
			defaultConfigurationIsVisible = 0;
			defaultConfigurationName = Release;
		};
		BAEEDDE41E4E3A7400E4FAEE /* Build configuration list for PBXNativeTarget "ios-base" */ = {
			isa = XCConfigurationList;
			buildConfigurations = (
				BAEEDDE51E4E3A7400E4FAEE /* Debug */,
				BAEEDDE61E4E3A7400E4FAEE /* Release */,
			);
			defaultConfigurationIsVisible = 0;
			defaultConfigurationName = Release;
		};
		BAEEDDE71E4E3A7400E4FAEE /* Build configuration list for PBXNativeTarget "ios-baseTests" */ = {
			isa = XCConfigurationList;
			buildConfigurations = (
				BAEEDDE81E4E3A7400E4FAEE /* Debug */,
				BAEEDDE91E4E3A7400E4FAEE /* Release */,
			);
			defaultConfigurationIsVisible = 0;
			defaultConfigurationName = Release;
		};
		BAEEDDEA1E4E3A7400E4FAEE /* Build configuration list for PBXNativeTarget "ios-baseUITests" */ = {
			isa = XCConfigurationList;
			buildConfigurations = (
				BAEEDDEB1E4E3A7400E4FAEE /* Debug */,
				BAEEDDEC1E4E3A7400E4FAEE /* Release */,
			);
			defaultConfigurationIsVisible = 0;
			defaultConfigurationName = Release;
		};
/* End XCConfigurationList section */
	};
	rootObject = BAEEDDB41E4E3A7400E4FAEE /* Project object */;
}
